# THIS IS AN AUTOGENERATED FILE. DO NOT EDIT THIS FILE DIRECTLY.
# yarn lockfile v1


fzf@^0.5.1:
  version "0.5.1"
  resolved "https://registry.yarnpkg.com/fzf/-/fzf-0.5.1.tgz#1c941f81e219d38f9093826661397ab484e2c9b4"
  integrity sha512-AJ9BBt/3K/IyCF+pQjdG194kVSS1hU/v/RnZgiCtYZzA0rj2OBVwwjBRUOclo9yJl2ovjtdw3C31/8/rnT0uug==
